
Microsoft Visual Studio Solution File, Format Version 12.00
# Visual Studio Version 17
VisualStudioVersion = 17.2.32526.322
MinimumVisualStudioVersion = 10.0.40219.1
Project("{9A19103F-16F7-4668-BE54-9A1E7A4F7556}") = "T3H_BE3007", "T3H_BE3007\T3H_BE3007.csproj", "{8ECABE2A-D640-4BC3-874F-CAB1CA437EEC}"
EndProject
Project("{FAE04EC0-301F-11D3-BF4B-00C04F79EFBC}") = "ConsoleAppCSharp", "ConsoleAppCSharp\ConsoleAppCSharp.csproj", "{F3964748-A75F-4166-AB7F-95062A21EAE9}"
EndProject
Project("{FAE04EC0-301F-11D3-BF4B-00C04F79EFBC}") = "WebDemoMVC", "WebDemoMVC\WebDemoMVC.csproj", "{B5A7D0B1-8FF8-4436-9BA1-6B8BC3C67A06}"
EndProject
Project("{9A19103F-16F7-4668-BE54-9A1E7A4F7556}") = "WebApiCore", "WebApiCore\WebApiCore.csproj", "{35BFABD1-0BBB-474E-8D1A-A7320A1B6432}"
EndProject
Project("{9A19103F-16F7-4668-BE54-9A1E7A4F7556}") = "DataAcess.Demo", "DataAcess.Demo\DataAcess.Demo.csproj", "{24485965-CE9F-4F44-BC9D-9CCF6BA0BCE0}"
EndProject
Project("{FAE04EC0-301F-11D3-BF4B-00C04F79EFBC}") = "Compuer.Common", "Compuer.Common\Compuer.Common.csproj", "{45309FDD-F8DD-4E7D-BCF0-45AF0B769EDA}"
EndProject
Global
	GlobalSection(SolutionConfigurationPlatforms) = preSolution
		Debug|Any CPU = Debug|Any CPU
		Release|Any CPU = Release|Any CPU
	EndGlobalSection
	GlobalSection(ProjectConfigurationPlatforms) = postSolution
		{8ECABE2A-D640-4BC3-874F-CAB1CA437EEC}.Debug|Any CPU.ActiveCfg = Debug|Any CPU
		{8ECABE2A-D640-4BC3-874F-CAB1CA437EEC}.Debug|Any CPU.Build.0 = Debug|Any CPU
		{8ECABE2A-D640-4BC3-874F-CAB1CA437EEC}.Release|Any CPU.ActiveCfg = Release|Any CPU
		{8ECABE2A-D640-4BC3-874F-CAB1CA437EEC}.Release|Any CPU.Build.0 = Release|Any CPU
		{F3964748-A75F-4166-AB7F-95062A21EAE9}.Debug|Any CPU.ActiveCfg = Debug|Any CPU
		{F3964748-A75F-4166-AB7F-95062A21EAE9}.Debug|Any CPU.Build.0 = Debug|Any CPU
		{F3964748-A75F-4166-AB7F-95062A21EAE9}.Release|Any CPU.ActiveCfg = Release|Any CPU
		{F3964748-A75F-4166-AB7F-95062A21EAE9}.Release|Any CPU.Build.0 = Release|Any CPU
		{B5A7D0B1-8FF8-4436-9BA1-6B8BC3C67A06}.Debug|Any CPU.ActiveCfg = Debug|Any CPU
		{B5A7D0B1-8FF8-4436-9BA1-6B8BC3C67A06}.Debug|Any CPU.Build.0 = Debug|Any CPU
		{B5A7D0B1-8FF8-4436-9BA1-6B8BC3C67A06}.Release|Any CPU.ActiveCfg = Release|Any CPU
		{B5A7D0B1-8FF8-4436-9BA1-6B8BC3C67A06}.Release|Any CPU.Build.0 = Release|Any CPU
		{35BFABD1-0BBB-474E-8D1A-A7320A1B6432}.Debug|Any CPU.ActiveCfg = Debug|Any CPU
		{35BFABD1-0BBB-474E-8D1A-A7320A1B6432}.Debug|Any CPU.Build.0 = Debug|Any CPU
		{35BFABD1-0BBB-474E-8D1A-A7320A1B6432}.Release|Any CPU.ActiveCfg = Release|Any CPU
		{35BFABD1-0BBB-474E-8D1A-A7320A1B6432}.Release|Any CPU.Build.0 = Release|Any CPU
		{24485965-CE9F-4F44-BC9D-9CCF6BA0BCE0}.Debug|Any CPU.ActiveCfg = Debug|Any CPU
		{24485965-CE9F-4F44-BC9D-9CCF6BA0BCE0}.Debug|Any CPU.Build.0 = Debug|Any CPU
		{24485965-CE9F-4F44-BC9D-9CCF6BA0BCE0}.Release|Any CPU.ActiveCfg = Release|Any CPU
		{24485965-CE9F-4F44-BC9D-9CCF6BA0BCE0}.Release|Any CPU.Build.0 = Release|Any CPU
		{45309FDD-F8DD-4E7D-BCF0-45AF0B769EDA}.Debug|Any CPU.ActiveCfg = Debug|Any CPU
		{45309FDD-F8DD-4E7D-BCF0-45AF0B769EDA}.Debug|Any CPU.Build.0 = Debug|Any CPU
		{45309FDD-F8DD-4E7D-BCF0-45AF0B769EDA}.Release|Any CPU.ActiveCfg = Release|Any CPU
		{45309FDD-F8DD-4E7D-BCF0-45AF0B769EDA}.Release|Any CPU.Build.0 = Release|Any CPU
	EndGlobalSection
	GlobalSection(SolutionProperties) = preSolution
		HideSolutionNode = FALSE
	EndGlobalSection
	GlobalSection(ExtensibilityGlobals) = postSolution
		SolutionGuid = {3D17516E-2C01-4EBB-9DFD-4F7580E0F66C}
	EndGlobalSection
EndGlobal
